// !$*UTF8*$!
{
	archiveVersion = 1;
	classes = {
	};
	objectVersion = 48;
	objects = {

/* Begin PBXBuildFile section */
		A2C06F7420E2279100956C38 /* AppDelegate.m in Sources */ = {isa = PBXBuildFile; fileRef = A2C06F7320E2279100956C38 /* AppDelegate.m */; };
		A2C06F7720E2279100956C38 /* ViewController.m in Sources */ = {isa = PBXBuildFile; fileRef = A2C06F7620E2279100956C38 /* ViewController.m */; };
		A2C06F7D20E2279100956C38 /* gcdInstance.xcdatamodeld in Sources */ = {isa = PBXBuildFile; fileRef = A2C06F7B20E2279100956C38 /* gcdInstance.xcdatamodeld */; };
		A2C06F7F20E2279100956C38 /* Assets.xcassets in Resources */ = {isa = PBXBuildFile; fileRef = A2C06F7E20E2279100956C38 /* Assets.xcassets */; };
		A2C06F8220E2279100956C38 /* LaunchScreen.storyboard in Resources */ = {isa = PBXBuildFile; fileRef = A2C06F8020E2279100956C38 /* LaunchScreen.storyboard */; };
		A2C06F8520E2279100956C38 /* main.m in Sources */ = {isa = PBXBuildFile; fileRef = A2C06F8420E2279100956C38 /* main.m */; };
		A2C06F8D20E22FAC00956C38 /* TYGCDInstanceViewController.m in Sources */ = {isa = PBXBuildFile; fileRef = A2C06F8C20E22FAC00956C38 /* TYGCDInstanceViewController.m */; };
		A2C06F9020E24EF800956C38 /* TYRunViewController.m in Sources */ = {isa = PBXBuildFile; fileRef = A2C06F8F20E24EF800956C38 /* TYRunViewController.m */; };
/* End PBXBuildFile section */

/* Begin PBXFileReference section */
		A2C06F6F20E2279100956C38 /* gcdInstance.app */ = {isa = PBXFileReference; explicitFileType = wrapper.application; includeInIndex = 0; path = gcdInstance.app; sourceTree = BUILT_PRODUCTS_DIR; };
		A2C06F7220E2279100956C38 /* AppDelegate.h */ = {isa = PBXFileReference; lastKnownFileType = sourcecode.c.h; path = AppDelegate.h; sourceTree = "<group>"; };
		A2C06F7320E2279100956C38 /* AppDelegate.m */ = {isa = PBXFileReference; lastKnownFileType = sourcecode.c.objc; path = AppDelegate.m; sourceTree = "<group>"; };
		A2C06F7520E2279100956C38 /* ViewController.h */ = {isa = PBXFileReference; lastKnownFileType = sourcecode.c.h; path = ViewController.h; sourceTree = "<group>"; };
		A2C06F7620E2279100956C38 /* ViewController.m */ = {isa = PBXFileReference; lastKnownFileType = sourcecode.c.objc; path = ViewController.m; sourceTree = "<group>"; };
		A2C06F7C20E2279100956C38 /* gcdInstance.xcdatamodel */ = {isa = PBXFileReference; lastKnownFileType = wrapper.xcdatamodel; path = gcdInstance.xcdatamodel; sourceTree = "<group>"; };
		A2C06F7E20E2279100956C38 /* Assets.xcassets */ = {isa = PBXFileReference; lastKnownFileType = folder.assetcatalog; path = Assets.xcassets; sourceTree = "<group>"; };
		A2C06F8120E2279100956C38 /* Base */ = {isa = PBXFileReference; lastKnownFileType = file.storyboard; name = Base; path = Base.lproj/LaunchScreen.storyboard; sourceTree = "<group>"; };
		A2C06F8320E2279100956C38 /* Info.plist */ = {isa = PBXFileReference; lastKnownFileType = text.plist.xml; path = Info.plist; sourceTree = "<group>"; };
		A2C06F8420E2279100956C38 /* main.m */ = {isa = PBXFileReference; lastKnownFileType = sourcecode.c.objc; path = main.m; sourceTree = "<group>"; };
		A2C06F8B20E22FAC00956C38 /* TYGCDInstanceViewController.h */ = {isa = PBXFileReference; lastKnownFileType = sourcecode.c.h; path = TYGCDInstanceViewController.h; sourceTree = "<group>"; };
		A2C06F8C20E22FAC00956C38 /* TYGCDInstanceViewController.m */ = {isa = PBXFileReference; lastKnownFileType = sourcecode.c.objc; path = TYGCDInstanceViewController.m; sourceTree = "<group>"; };
		A2C06F8E20E24EF800956C38 /* TYRunViewController.h */ = {isa = PBXFileReference; lastKnownFileType = sourcecode.c.h; path = TYRunViewController.h; sourceTree = "<group>"; };
		A2C06F8F20E24EF800956C38 /* TYRunViewController.m */ = {isa = PBXFileReference; lastKnownFileType = sourcecode.c.objc; path = TYRunViewController.m; sourceTree = "<group>"; };
/* End PBXFileReference section */

/* Begin PBXFrameworksBuildPhase section */
		A2C06F6C20E2279100956C38 /* Frameworks */ = {
			isa = PBXFrameworksBuildPhase;
			buildActionMask = 2147483647;
			files = (
			);
			runOnlyForDeploymentPostprocessing = 0;
		};
/* End PBXFrameworksBuildPhase section */

/* Begin PBXGroup section */
		A2C06F6620E2279100956C38 = {
			isa = PBXGroup;
			children = (
				A2C06F7120E2279100956C38 /* gcdInstance */,
				A2C06F7020E2279100956C38 /* Products */,
			);
			sourceTree = "<group>";
		};
		A2C06F7020E2279100956C38 /* Products */ = {
			isa = PBXGroup;
			children = (
				A2C06F6F20E2279100956C38 /* gcdInstance.app */,
			);
			name = Products;
			sourceTree = "<group>";
		};
		A2C06F7120E2279100956C38 /* gcdInstance */ = {
			isa = PBXGroup;
			children = (
				A2C06F7220E2279100956C38 /* AppDelegate.h */,
				A2C06F7320E2279100956C38 /* AppDelegate.m */,
				A2C06F7520E2279100956C38 /* ViewController.h */,
				A2C06F7620E2279100956C38 /* ViewController.m */,
				A2C06F8B20E22FAC00956C38 /* TYGCDInstanceViewController.h */,
				A2C06F8C20E22FAC00956C38 /* TYGCDInstanceViewController.m */,
				A2C06F8E20E24EF800956C38 /* TYRunViewController.h */,
				A2C06F8F20E24EF800956C38 /* TYRunViewController.m */,
				A2C06F7E20E2279100956C38 /* Assets.xcassets */,
				A2C06F8020E2279100956C38 /* LaunchScreen.storyboard */,
				A2C06F8320E2279100956C38 /* Info.plist */,
				A2C06F8420E2279100956C38 /* main.m */,
				A2C06F7B20E2279100956C38 /* gcdInstance.xcdatamodeld */,
			);
			path = gcdInstance;
			sourceTree = "<group>";
		};
/* End PBXGroup section */

/* Begin PBXNativeTarget section */
		A2C06F6E20E2279100956C38 /* gcdInstance */ = {
			isa = PBXNativeTarget;
			buildConfigurationList = A2C06F8820E2279100956C38 /* Build configuration list for PBXNativeTarget "gcdInstance" */;
			buildPhases = (
				A2C06F6B20E2279100956C38 /* Sources */,
				A2C06F6C20E2279100956C38 /* Frameworks */,
				A2C06F6D20E2279100956C38 /* Resources */,
			);
			buildRules = (
			);
			dependencies = (
			);
			name = gcdInstance;
			productName = gcdInstance;
			productReference = A2C06F6F20E2279100956C38 /* gcdInstance.app */;
			productType = "com.apple.product-type.application";
		};
/* End PBXNativeTarget section */

/* Begin PBXProject section */
		A2C06F6720E2279100956C38 /* Project object */ = {
			isa = PBXProject;
			attributes = {
				LastUpgradeCheck = 0920;
				ORGANIZATIONNAME = "汤义";
				TargetAttributes = {
					A2C06F6E20E2279100956C38 = {
						CreatedOnToolsVersion = 9.2;
						ProvisioningStyle = Automatic;
					};
				};
			};
			buildConfigurationList = A2C06F6A20E2279100956C38 /* Build configuration list for PBXProject "gcdInstance" */;
			compatibilityVersion = "Xcode 8.0";
			developmentRegion = en;
			hasScannedForEncodings = 0;
			knownRegions = (
				en,
				Base,
			);
			mainGroup = A2C06F6620E2279100956C38;
			productRefGroup = A2C06F7020E2279100956C38 /* Products */;
			projectDirPath = "";
			projectRoot = "";
			targets = (
				A2C06F6E20E2279100956C38 /* gcdInstance */,
			);
		};
/* End PBXProject section */

/* Begin PBXResourcesBuildPhase section */
		A2C06F6D20E2279100956C38 /* Resources */ = {
			isa = PBXResourcesBuildPhase;
			buildActionMask = 2147483647;
			files = (
				A2C06F8220E2279100956C38 /* LaunchScreen.storyboard in Resources */,
				A2C06F7F20E2279100956C38 /* Assets.xcassets in Resources */,
			);
			runOnlyForDeploymentPostprocessing = 0;
		};
/* End PBXResourcesBuildPhase section */

/* Begin PBXSourcesBuildPhase section */
		A2C06F6B20E2279100956C38 /* Sources */ = {
			isa = PBXSourcesBuildPhase;
			buildActionMask = 2147483647;
			files = (
				A2C06F8D20E22FAC00956C38 /* TYGCDInstanceViewController.m in Sources */,
				A2C06F7720E2279100956C38 /* ViewController.m in Sources */,
				A2C06F7D20E2279100956C38 /* gcdInstance.xcdatamodeld in Sources */,
				A2C06F8520E2279100956C38 /* main.m in Sources */,
				A2C06F7420E2279100956C38 /* AppDelegate.m in Sources */,
				A2C06F9020E24EF800956C38 /* TYRunViewController.m in Sources */,
			);
			runOnlyForDeploymentPostprocessing = 0;
		};
/* End PBXSourcesBuildPhase section */

/* Begin PBXVariantGroup section */
		A2C06F8020E2279100956C38 /* LaunchScreen.storyboard */ = {
			isa = PBXVariantGroup;
			children = (
				A2C06F8120E2279100956C38 /* Base */,
			);
			name = LaunchScreen.storyboard;
			sourceTree = "<group>";
		};
/* End PBXVariantGroup section */

/* Begin XCBuildConfiguration section */
		A2C06F8620E2279100956C38 /* Debug */ = {
			isa = XCBuildConfiguration;
			buildSettings = {
				ALWAYS_SEARCH_USER_PATHS = NO;
				CLANG_ANALYZER_NONNULL = YES;
				CLANG_ANALYZER_NUMBER_OBJECT_CONVERSION = YES_AGGRESSIVE;
				CLANG_CXX_LANGUAGE_STANDARD = "gnu++14";
				CLANG_CXX_LIBRARY = "libc++";
				CLANG_ENABLE_MODULES = YES;
				CLANG_ENABLE_OBJC_ARC = YES;
				CLANG_WARN_BLOCK_CAPTURE_AUTORELEASING = YES;
				CLANG_WARN_BOOL_CONVERSION = YES;
				CLANG_WARN_COMMA = YES;
				CLANG_WARN_CONSTANT_CONVERSION = YES;
				CLANG_WARN_DIRECT_OBJC_ISA_USAGE = YES_ERROR;
				CLANG_WARN_DOCUMENTATION_COMMENTS = YES;
				CLANG_WARN_EMPTY_BODY = YES;
				CLANG_WARN_ENUM_CONVERSION = YES;
				CLANG_WARN_INFINITE_RECURSION = YES;
				CLANG_WARN_INT_CONVERSION = YES;
				CLANG_WARN_NON_LITERAL_NULL_CONVERSION = YES;
				CLANG_WARN_OBJC_LITERAL_CONVERSION = YES;
				CLANG_WARN_OBJC_ROOT_CLASS = YES_ERROR;
				CLANG_WARN_RANGE_LOOP_ANALYSIS = YES;
				CLANG_WARN_STRICT_PROTOTYPES = YES;
				CLANG_WARN_SUSPICIOUS_MOVE = YES;
				CLANG_WARN_UNGUARDED_AVAILABILITY = YES_AGGRESSIVE;
				CLANG_WARN_UNREACHABLE_CODE = YES;
				CLANG_WARN__DUPLICATE_METHOD_MATCH = YES;
				CODE_SIGN_IDENTITY = "iPhone Developer";
				COPY_PHASE_STRIP = NO;
				DEBUG_INFORMATION_FORMAT = dwarf;
				ENABLE_STRICT_OBJC_MSGSEND = YES;
				ENABLE_TESTABILITY = YES;
				GCC_C_LANGUAGE_STANDARD = gnu11;
				GCC_DYNAMIC_NO_PIC = NO;
				GCC_NO_COMMON_BLOCKS = YES;
				GCC_OPTIMIZATION_LEVEL = 0;
				GCC_PREPROCESSOR_DEFINITIONS = (
					"DEBUG=1",
					"$(inherited)",
				);
				GCC_WARN_64_TO_32_BIT_CONVERSION = YES;
				GCC_WARN_ABOUT_RETURN_TYPE = YES_ERROR;
				GCC_WARN_UNDECLARED_SELECTOR = YES;
				GCC_WARN_UNINITIALIZED_AUTOS = YES_AGGRESSIVE;
				GCC_WARN_UNUSED_FUNCTION = YES;
				GCC_WARN_UNUSED_VARIABLE = YES;
				IPHONEOS_DEPLOYMENT_TARGET = 11.2;
				MTL_ENABLE_DEBUG_INFO = YES;
				ONLY_ACTIVE_ARCH = YES;
				SDKROOT = iphoneos;
			};
			name = Debug;
		};
		A2C06F8720E2279100956C38 /* Release */ = {
			isa = XCBuildConfiguration;
			buildSettings = {
				ALWAYS_SEARCH_USER_PATHS = NO;
				CLANG_ANALYZER_NONNULL = YES;
				CLANG_ANALYZER_NUMBER_OBJECT_CONVERSION = YES_AGGRESSIVE;
				CLANG_CXX_LANGUAGE_STANDARD = "gnu++14";
				CLANG_CXX_LIBRARY = "libc++";
				CLANG_ENABLE_MODULES = YES;
				CLANG_ENABLE_OBJC_ARC = YES;
				CLANG_WARN_BLOCK_CAPTURE_AUTORELEASING = YES;
				CLANG_WARN_BOOL_CONVERSION = YES;
				CLANG_WARN_COMMA = YES;
				CLANG_WARN_CONSTANT_CONVERSION = YES;
				CLANG_WARN_DIRECT_OBJC_ISA_USAGE = YES_ERROR;
				CLANG_WARN_DOCUMENTATION_COMMENTS = YES;
				CLANG_WARN_EMPTY_BODY = YES;
				CLANG_WARN_ENUM_CONVERSION = YES;
				CLANG_WARN_INFINITE_RECURSION = YES;
				CLANG_WARN_INT_CONVERSION = YES;
				CLANG_WARN_NON_LITERAL_NULL_CONVERSION = YES;
				CLANG_WARN_OBJC_LITERAL_CONVERSION = YES;
				CLANG_WARN_OBJC_ROOT_CLASS = YES_ERROR;
				CLANG_WARN_RANGE_LOOP_ANALYSIS = YES;
				CLANG_WARN_STRICT_PROTOTYPES = YES;
				CLANG_WARN_SUSPICIOUS_MOVE = YES;
				CLANG_WARN_UNGUARDED_AVAILABILITY = YES_AGGRESSIVE;
				CLANG_WARN_UNREACHABLE_CODE = YES;
				CLANG_WARN__DUPLICATE_METHOD_MATCH = YES;
				CODE_SIGN_IDENTITY = "iPhone Developer";
				COPY_PHASE_STRIP = NO;
				DEBUG_INFORMATION_FORMAT = "dwarf-with-dsym";
				ENABLE_NS_ASSERTIONS = NO;
				ENABLE_STRICT_OBJC_MSGSEND = YES;
				GCC_C_LANGUAGE_STANDARD = gnu11;
				GCC_NO_COMMON_BLOCKS = YES;
				GCC_WARN_64_TO_32_BIT_CONVERSION = YES;
				GCC_WARN_ABOUT_RETURN_TYPE = YES_ERROR;
				GCC_WARN_UNDECLARED_SELECTOR = YES;
				GCC_WARN_UNINITIALIZED_AUTOS = YES_AGGRESSIVE;
				GCC_WARN_UNUSED_FUNCTION = YES;
				GCC_WARN_UNUSED_VARIABLE = YES;
				IPHONEOS_DEPLOYMENT_TARGET = 11.2;
				MTL_ENABLE_DEBUG_INFO = NO;
				SDKROOT = iphoneos;
				VALIDATE_PRODUCT = YES;
			};
			name = Release;
		};
		A2C06F8920E2279100956C38 /* Debug */ = {
			isa = XCBuildConfiguration;
			buildSettings = {
				ASSETCATALOG_COMPILER_APPICON_NAME = AppIcon;
				CODE_SIGN_STYLE = Automatic;
				DEVELOPMENT_TEAM = N5WRHCE748;
				INFOPLIST_FILE = gcdInstance/Info.plist;
				IPHONEOS_DEPLOYMENT_TARGET = 8.0;
				LD_RUNPATH_SEARCH_PATHS = "$(inherited) @executable_path/Frameworks";
				PRODUCT_BUNDLE_IDENTIFIER = "Users-xiyin-desktop-name-Get-image-processing.gcdInstance";
				PRODUCT_NAME = "$(TARGET_NAME)";
				TARGETED_DEVICE_FAMILY = "1,2";
			};
			name = Debug;
		};
		A2C06F8A20E2279100956C38 /* Release */ = {
			isa = XCBuildConfiguration;
			buildSettings = {
				ASSETCATALOG_COMPILER_APPICON_NAME = AppIcon;
				CODE_SIGN_STYLE = Automatic;
				DEVELOPMENT_TEAM = N5WRHCE748;
				INFOPLIST_FILE = gcdInstance/Info.plist;
				IPHONEOS_DEPLOYMENT_TARGET = 8.0;
				LD_RUNPATH_SEARCH_PATHS = "$(inherited) @executable_path/Frameworks";
				PRODUCT_BUNDLE_IDENTIFIER = "Users-xiyin-desktop-name-Get-image-processing.gcdInstance";
				PRODUCT_NAME = "$(TARGET_NAME)";
				TARGETED_DEVICE_FAMILY = "1,2";
			};
			name = Release;
		};
/* End XCBuildConfiguration section */

/* Begin XCConfigurationList section */
		A2C06F6A20E2279100956C38 /* Build configuration list for PBXProject "gcdInstance" */ = {
			isa = XCConfigurationList;
			buildConfigurations = (
				A2C06F8620E2279100956C38 /* Debug */,
				A2C06F8720E2279100956C38 /* Release */,
			);
			defaultConfigurationIsVisible = 0;
			defaultConfigurationName = Release;
		};
		A2C06F8820E2279100956C38 /* Build configuration list for PBXNativeTarget "gcdInstance" */ = {
			isa = XCConfigurationList;
			buildConfigurations = (
				A2C06F8920E2279100956C38 /* Debug */,
				A2C06F8A20E2279100956C38 /* Release */,
			);
			defaultConfigurationIsVisible = 0;
			defaultConfigurationName = Release;
		};
/* End XCConfigurationList section */

/* Begin XCVersionGroup section */
		A2C06F7B20E2279100956C38 /* gcdInstance.xcdatamodeld */ = {
			isa = XCVersionGroup;
			children = (
				A2C06F7C20E2279100956C38 /* gcdInstance.xcdatamodel */,
			);
			currentVersion = A2C06F7C20E2279100956C38 /* gcdInstance.xcdatamodel */;
			path = gcdInstance.xcdatamodeld;
			sourceTree = "<group>";
			versionGroupType = wrapper.xcdatamodel;
		};
/* End XCVersionGroup section */
	};
	rootObject = A2C06F6720E2279100956C38 /* Project object */;
}
